
Microsoft Visual Studio Solution File, Format Version 12.00
# Visual Studio 15
VisualStudioVersion = 15.0.28010.2046
MinimumVisualStudioVersion = 10.0.40219.1
Project("{FAE04EC0-301F-11D3-BF4B-00C04F79EFBC}") = "CasiTodo.Web", "CasiTodo.Web\CasiTodo.Web.csproj", "{7B1E6D7B-9634-4C22-AAE0-83293DFFF60E}"
EndProject
Project("{FAE04EC0-301F-11D3-BF4B-00C04F79EFBC}") = "CasiTodo.Logica", "CasiTodo.Logica\CasiTodo.Logica.csproj", "{5EC82163-B43B-4976-BB87-A16FA21F6784}"
EndProject
Global
	GlobalSection(SolutionConfigurationPlatforms) = preSolution
		Debug|Any CPU = Debug|Any CPU
		Release|Any CPU = Release|Any CPU
	EndGlobalSection
	GlobalSection(ProjectConfigurationPlatforms) = postSolution
		{7B1E6D7B-9634-4C22-AAE0-83293DFFF60E}.Debug|Any CPU.ActiveCfg = Debug|Any CPU
		{7B1E6D7B-9634-4C22-AAE0-83293DFFF60E}.Debug|Any CPU.Build.0 = Debug|Any CPU
		{7B1E6D7B-9634-4C22-AAE0-83293DFFF60E}.Release|Any CPU.ActiveCfg = Release|Any CPU
		{7B1E6D7B-9634-4C22-AAE0-83293DFFF60E}.Release|Any CPU.Build.0 = Release|Any CPU
		{5EC82163-B43B-4976-BB87-A16FA21F6784}.Debug|Any CPU.ActiveCfg = Debug|Any CPU
		{5EC82163-B43B-4976-BB87-A16FA21F6784}.Debug|Any CPU.Build.0 = Debug|Any CPU
		{5EC82163-B43B-4976-BB87-A16FA21F6784}.Release|Any CPU.ActiveCfg = Release|Any CPU
		{5EC82163-B43B-4976-BB87-A16FA21F6784}.Release|Any CPU.Build.0 = Release|Any CPU
	EndGlobalSection
	GlobalSection(SolutionProperties) = preSolution
		HideSolutionNode = FALSE
	EndGlobalSection
	GlobalSection(ExtensibilityGlobals) = postSolution
		SolutionGuid = {F97DE194-8B08-439F-9AFA-3982BE144982}
	EndGlobalSection
EndGlobal
